{
  "name": "open-clowk",
  "version": "0.1.0",
  "lockfileVersion": 3,
  "requires": true,
  "packages": {
    "": {
      "name": "open-clowk",
      "version": "0.1.0",
      "license": "MIT",
      "os": [
        "darwin",
        "linux",
        "win32"
      ],
      "bin": {
        "open-clowk": "bin/open-clowk.js"
      },
      "engines": {
        "node": ">=20"
      }
    }
  }
}
